
Microsoft Visual Studio Solution File, Format Version 12.00
# Visual Studio Version 17
VisualStudioVersion = 17.5.33516.290
MinimumVisualStudioVersion = 10.0.40219.1
Project("{9A19103F-16F7-4668-BE54-9A1E7A4F7556}") = "PATITAS", "PATITAS\PATITAS.csproj", "{3BA18D3F-193F-4477-A085-9B8D848847CA}"
EndProject
Project("{2150E333-8FDC-42A3-9474-1A3956D46DE8}") = "Solution Items", "Solution Items", "{1F22A2F1-5BF5-4D42-AF5E-40FC95DEF942}"
	ProjectSection(SolutionItems) = preProject
		.editorconfig = .editorconfig
	EndProjectSection
EndProject
Project("{FAE04EC0-301F-11D3-BF4B-00C04F79EFBC}") = "TestPatitasXunit", "TestPatitasXunit\TestPatitasXunit.csproj", "{A6999640-4FC8-4ABE-8135-124E4A789556}"
EndProject
Global
	GlobalSection(SolutionConfigurationPlatforms) = preSolution
		Debug|Any CPU = Debug|Any CPU
		Release|Any CPU = Release|Any CPU
	EndGlobalSection
	GlobalSection(ProjectConfigurationPlatforms) = postSolution
		{3BA18D3F-193F-4477-A085-9B8D848847CA}.Debug|Any CPU.ActiveCfg = Debug|Any CPU
		{3BA18D3F-193F-4477-A085-9B8D848847CA}.Debug|Any CPU.Build.0 = Debug|Any CPU
		{3BA18D3F-193F-4477-A085-9B8D848847CA}.Release|Any CPU.ActiveCfg = Release|Any CPU
		{3BA18D3F-193F-4477-A085-9B8D848847CA}.Release|Any CPU.Build.0 = Release|Any CPU
		{A6999640-4FC8-4ABE-8135-124E4A789556}.Debug|Any CPU.ActiveCfg = Debug|Any CPU
		{A6999640-4FC8-4ABE-8135-124E4A789556}.Debug|Any CPU.Build.0 = Debug|Any CPU
		{A6999640-4FC8-4ABE-8135-124E4A789556}.Release|Any CPU.ActiveCfg = Release|Any CPU
		{A6999640-4FC8-4ABE-8135-124E4A789556}.Release|Any CPU.Build.0 = Release|Any CPU
	EndGlobalSection
	GlobalSection(SolutionProperties) = preSolution
		HideSolutionNode = FALSE
	EndGlobalSection
	GlobalSection(ExtensibilityGlobals) = postSolution
		SolutionGuid = {63CA3BF5-F8B6-4EA0-A352-FCE759444A4E}
	EndGlobalSection
EndGlobal
